
Microsoft Visual Studio Solution File, Format Version 12.00
# Visual Studio 2012
Project("{FAE04EC0-301F-11D3-BF4B-00C04F79EFBC}") = "CloudGenix", "CloudGenixSdk\CloudGenix.csproj", "{C18A2B54-D474-4E76-8AA1-603C235DC9E1}"
EndProject
Project("{FAE04EC0-301F-11D3-BF4B-00C04F79EFBC}") = "SdkCli", "SdkCli\SdkCli.csproj", "{1EFD5CAB-513C-47C4-8504-2F050F7A47D8}"
EndProject
Global
	GlobalSection(SolutionConfigurationPlatforms) = preSolution
		Debug|Any CPU = Debug|Any CPU
		Release|Any CPU = Release|Any CPU
	EndGlobalSection
	GlobalSection(ProjectConfigurationPlatforms) = postSolution
		{C18A2B54-D474-4E76-8AA1-603C235DC9E1}.Debug|Any CPU.ActiveCfg = Debug|Any CPU
		{C18A2B54-D474-4E76-8AA1-603C235DC9E1}.Debug|Any CPU.Build.0 = Debug|Any CPU
		{C18A2B54-D474-4E76-8AA1-603C235DC9E1}.Release|Any CPU.ActiveCfg = Release|Any CPU
		{C18A2B54-D474-4E76-8AA1-603C235DC9E1}.Release|Any CPU.Build.0 = Release|Any CPU
		{1EFD5CAB-513C-47C4-8504-2F050F7A47D8}.Debug|Any CPU.ActiveCfg = Debug|Any CPU
		{1EFD5CAB-513C-47C4-8504-2F050F7A47D8}.Debug|Any CPU.Build.0 = Debug|Any CPU
		{1EFD5CAB-513C-47C4-8504-2F050F7A47D8}.Release|Any CPU.ActiveCfg = Release|Any CPU
		{1EFD5CAB-513C-47C4-8504-2F050F7A47D8}.Release|Any CPU.Build.0 = Release|Any CPU
	EndGlobalSection
	GlobalSection(MonoDevelopProperties) = preSolution
		version = 1.0.1
		description = v1.0.1 - added events API v3.0 support, added IDisposable support
	EndGlobalSection
EndGlobal
